// !$*UTF8*$!
{
	archiveVersion = 1;
	classes = {
	};
	objectVersion = 50;
	objects = {

/* Begin PBXBuildFile section */
		32F574A65639F78F6450C606 /* Pods_instagram.framework in Frameworks */ = {isa = PBXBuildFile; fileRef = ED5F914F2A84EC103B322A8A /* Pods_instagram.framework */; };
		A0023E21211B5AEB006B77F8 /* AppDelegate.swift in Sources */ = {isa = PBXBuildFile; fileRef = A0023E20211B5AEB006B77F8 /* AppDelegate.swift */; };
		A0023E23211B5AEB006B77F8 /* ViewController.swift in Sources */ = {isa = PBXBuildFile; fileRef = A0023E22211B5AEB006B77F8 /* ViewController.swift */; };
		A0023E26211B5AEB006B77F8 /* Main.storyboard in Resources */ = {isa = PBXBuildFile; fileRef = A0023E24211B5AEB006B77F8 /* Main.storyboard */; };
		A0023E28211B5AEE006B77F8 /* Assets.xcassets in Resources */ = {isa = PBXBuildFile; fileRef = A0023E27211B5AEE006B77F8 /* Assets.xcassets */; };
		A0023E2B211B5AEE006B77F8 /* LaunchScreen.storyboard in Resources */ = {isa = PBXBuildFile; fileRef = A0023E29211B5AEE006B77F8 /* LaunchScreen.storyboard */; };
		A0023E36211B5AEE006B77F8 /* instagramTests.swift in Sources */ = {isa = PBXBuildFile; fileRef = A0023E35211B5AEE006B77F8 /* instagramTests.swift */; };
		A0023E41211B5AEE006B77F8 /* instagramUITests.swift in Sources */ = {isa = PBXBuildFile; fileRef = A0023E40211B5AEE006B77F8 /* instagramUITests.swift */; };
		A0023EE5211C145B006B77F8 /* ActivityIndicator.swift in Sources */ = {isa = PBXBuildFile; fileRef = A0023EE4211C145B006B77F8 /* ActivityIndicator.swift */; };
		A0023F11211E3CFB006B77F8 /* SecretKeys.plist in Resources */ = {isa = PBXBuildFile; fileRef = A0023F10211E3CFB006B77F8 /* SecretKeys.plist */; };
/* End PBXBuildFile section */

/* Begin PBXContainerItemProxy section */
		A0023E32211B5AEE006B77F8 /* PBXContainerItemProxy */ = {
			isa = PBXContainerItemProxy;
			containerPortal = A0023E15211B5AEA006B77F8 /* Project object */;
			proxyType = 1;
			remoteGlobalIDString = A0023E1C211B5AEB006B77F8;
			remoteInfo = instagram;
		};
		A0023E3D211B5AEE006B77F8 /* PBXContainerItemProxy */ = {
			isa = PBXContainerItemProxy;
			containerPortal = A0023E15211B5AEA006B77F8 /* Project object */;
			proxyType = 1;
			remoteGlobalIDString = A0023E1C211B5AEB006B77F8;
			remoteInfo = instagram;
		};
/* End PBXContainerItemProxy section */

/* Begin PBXFileReference section */
		A0023E1D211B5AEB006B77F8 /* instagram.app */ = {isa = PBXFileReference; explicitFileType = wrapper.application; includeInIndex = 0; path = instagram.app; sourceTree = BUILT_PRODUCTS_DIR; };
		A0023E20211B5AEB006B77F8 /* AppDelegate.swift */ = {isa = PBXFileReference; lastKnownFileType = sourcecode.swift; path = AppDelegate.swift; sourceTree = "<group>"; };
		A0023E22211B5AEB006B77F8 /* ViewController.swift */ = {isa = PBXFileReference; lastKnownFileType = sourcecode.swift; path = ViewController.swift; sourceTree = "<group>"; };
		A0023E25211B5AEB006B77F8 /* Base */ = {isa = PBXFileReference; lastKnownFileType = file.storyboard; name = Base; path = Base.lproj/Main.storyboard; sourceTree = "<group>"; };
		A0023E27211B5AEE006B77F8 /* Assets.xcassets */ = {isa = PBXFileReference; lastKnownFileType = folder.assetcatalog; path = Assets.xcassets; sourceTree = "<group>"; };
		A0023E2A211B5AEE006B77F8 /* Base */ = {isa = PBXFileReference; lastKnownFileType = file.storyboard; name = Base; path = Base.lproj/LaunchScreen.storyboard; sourceTree = "<group>"; };
		A0023E2C211B5AEE006B77F8 /* Info.plist */ = {isa = PBXFileReference; lastKnownFileType = text.plist.xml; path = Info.plist; sourceTree = "<group>"; };
		A0023E31211B5AEE006B77F8 /* instagramTests.xctest */ = {isa = PBXFileReference; explicitFileType = wrapper.cfbundle; includeInIndex = 0; path = instagramTests.xctest; sourceTree = BUILT_PRODUCTS_DIR; };
		A0023E35211B5AEE006B77F8 /* instagramTests.swift */ = {isa = PBXFileReference; lastKnownFileType = sourcecode.swift; path = instagramTests.swift; sourceTree = "<group>"; };
		A0023E37211B5AEE006B77F8 /* Info.plist */ = {isa = PBXFileReference; lastKnownFileType = text.plist.xml; path = Info.plist; sourceTree = "<group>"; };
		A0023E3C211B5AEE006B77F8 /* instagramUITests.xctest */ = {isa = PBXFileReference; explicitFileType = wrapper.cfbundle; includeInIndex = 0; path = instagramUITests.xctest; sourceTree = BUILT_PRODUCTS_DIR; };
		A0023E40211B5AEE006B77F8 /* instagramUITests.swift */ = {isa = PBXFileReference; lastKnownFileType = sourcecode.swift; path = instagramUITests.swift; sourceTree = "<group>"; };
		A0023E42211B5AEE006B77F8 /* Info.plist */ = {isa = PBXFileReference; lastKnownFileType = text.plist.xml; path = Info.plist; sourceTree = "<group>"; };
		A0023EE4211C145B006B77F8 /* ActivityIndicator.swift */ = {isa = PBXFileReference; lastKnownFileType = sourcecode.swift; path = ActivityIndicator.swift; sourceTree = "<group>"; };
		A0023F10211E3CFB006B77F8 /* SecretKeys.plist */ = {isa = PBXFileReference; lastKnownFileType = text.plist.xml; path = SecretKeys.plist; sourceTree = "<group>"; };
		A54DF9B610799E48F539707D /* Pods-instagram.debug.xcconfig */ = {isa = PBXFileReference; includeInIndex = 1; lastKnownFileType = text.xcconfig; name = "Pods-instagram.debug.xcconfig"; path = "Pods/Target Support Files/Pods-instagram/Pods-instagram.debug.xcconfig"; sourceTree = "<group>"; };
		A71A730DFCE2EA23C7F7080A /* Pods-instagram.release.xcconfig */ = {isa = PBXFileReference; includeInIndex = 1; lastKnownFileType = text.xcconfig; name = "Pods-instagram.release.xcconfig"; path = "Pods/Target Support Files/Pods-instagram/Pods-instagram.release.xcconfig"; sourceTree = "<group>"; };
		ED5F914F2A84EC103B322A8A /* Pods_instagram.framework */ = {isa = PBXFileReference; explicitFileType = wrapper.framework; includeInIndex = 0; path = Pods_instagram.framework; sourceTree = BUILT_PRODUCTS_DIR; };
/* End PBXFileReference section */

/* Begin PBXFrameworksBuildPhase section */
		A0023E1A211B5AEB006B77F8 /* Frameworks */ = {
			isa = PBXFrameworksBuildPhase;
			buildActionMask = 2147483647;
			files = (
				32F574A65639F78F6450C606 /* Pods_instagram.framework in Frameworks */,
			);
			runOnlyForDeploymentPostprocessing = 0;
		};
		A0023E2E211B5AEE006B77F8 /* Frameworks */ = {
			isa = PBXFrameworksBuildPhase;
			buildActionMask = 2147483647;
			files = (
			);
			runOnlyForDeploymentPostprocessing = 0;
		};
		A0023E39211B5AEE006B77F8 /* Frameworks */ = {
			isa = PBXFrameworksBuildPhase;
			buildActionMask = 2147483647;
			files = (
			);
			runOnlyForDeploymentPostprocessing = 0;
		};
/* End PBXFrameworksBuildPhase section */

/* Begin PBXGroup section */
		623856900A41D5FE33BA8F26 /* Frameworks */ = {
			isa = PBXGroup;
			children = (
				ED5F914F2A84EC103B322A8A /* Pods_instagram.framework */,
			);
			name = Frameworks;
			sourceTree = "<group>";
		};
		8017A5A41B971A06015199BE /* Pods */ = {
			isa = PBXGroup;
			children = (
				A54DF9B610799E48F539707D /* Pods-instagram.debug.xcconfig */,
				A71A730DFCE2EA23C7F7080A /* Pods-instagram.release.xcconfig */,
			);
			name = Pods;
			sourceTree = "<group>";
		};
		A0023E14211B5AEA006B77F8 = {
			isa = PBXGroup;
			children = (
				A0023E1F211B5AEB006B77F8 /* instagram */,
				A0023E34211B5AEE006B77F8 /* instagramTests */,
				A0023E3F211B5AEE006B77F8 /* instagramUITests */,
				A0023E1E211B5AEB006B77F8 /* Products */,
				8017A5A41B971A06015199BE /* Pods */,
				623856900A41D5FE33BA8F26 /* Frameworks */,
			);
			sourceTree = "<group>";
		};
		A0023E1E211B5AEB006B77F8 /* Products */ = {
			isa = PBXGroup;
			children = (
				A0023E1D211B5AEB006B77F8 /* instagram.app */,
				A0023E31211B5AEE006B77F8 /* instagramTests.xctest */,
				A0023E3C211B5AEE006B77F8 /* instagramUITests.xctest */,
			);
			name = Products;
			sourceTree = "<group>";
		};
		A0023E1F211B5AEB006B77F8 /* instagram */ = {
			isa = PBXGroup;
			children = (
				A0023E20211B5AEB006B77F8 /* AppDelegate.swift */,
				A0023E22211B5AEB006B77F8 /* ViewController.swift */,
				A0023EE4211C145B006B77F8 /* ActivityIndicator.swift */,
				A0023E24211B5AEB006B77F8 /* Main.storyboard */,
				A0023E27211B5AEE006B77F8 /* Assets.xcassets */,
				A0023E29211B5AEE006B77F8 /* LaunchScreen.storyboard */,
				A0023E2C211B5AEE006B77F8 /* Info.plist */,
				A0023F10211E3CFB006B77F8 /* SecretKeys.plist */,
			);
			path = instagram;
			sourceTree = "<group>";
		};
		A0023E34211B5AEE006B77F8 /* instagramTests */ = {
			isa = PBXGroup;
			children = (
				A0023E35211B5AEE006B77F8 /* instagramTests.swift */,
				A0023E37211B5AEE006B77F8 /* Info.plist */,
			);
			path = instagramTests;
			sourceTree = "<group>";
		};
		A0023E3F211B5AEE006B77F8 /* instagramUITests */ = {
			isa = PBXGroup;
			children = (
				A0023E40211B5AEE006B77F8 /* instagramUITests.swift */,
				A0023E42211B5AEE006B77F8 /* Info.plist */,
			);
			path = instagramUITests;
			sourceTree = "<group>";
		};
/* End PBXGroup section */

/* Begin PBXNativeTarget section */
		A0023E1C211B5AEB006B77F8 /* instagram */ = {
			isa = PBXNativeTarget;
			buildConfigurationList = A0023E45211B5AEE006B77F8 /* Build configuration list for PBXNativeTarget "instagram" */;
			buildPhases = (
				908E0149DB87ECC83641847A /* [CP] Check Pods Manifest.lock */,
				A0023E19211B5AEB006B77F8 /* Sources */,
				A0023E1A211B5AEB006B77F8 /* Frameworks */,
				A0023E1B211B5AEB006B77F8 /* Resources */,
				51D15013544A2BF94EB4916A /* [CP] Embed Pods Frameworks */,
			);
			buildRules = (
			);
			dependencies = (
			);
			name = instagram;
			productName = instagram;
			productReference = A0023E1D211B5AEB006B77F8 /* instagram.app */;
			productType = "com.apple.product-type.application";
		};
		A0023E30211B5AEE006B77F8 /* instagramTests */ = {
			isa = PBXNativeTarget;
			buildConfigurationList = A0023E48211B5AEE006B77F8 /* Build configuration list for PBXNativeTarget "instagramTests" */;
			buildPhases = (
				A0023E2D211B5AEE006B77F8 /* Sources */,
				A0023E2E211B5AEE006B77F8 /* Frameworks */,
				A0023E2F211B5AEE006B77F8 /* Resources */,
			);
			buildRules = (
			);
			dependencies = (
				A0023E33211B5AEE006B77F8 /* PBXTargetDependency */,
			);
			name = instagramTests;
			productName = instagramTests;
			productReference = A0023E31211B5AEE006B77F8 /* instagramTests.xctest */;
			productType = "com.apple.product-type.bundle.unit-test";
		};
		A0023E3B211B5AEE006B77F8 /* instagramUITests */ = {
			isa = PBXNativeTarget;
			buildConfigurationList = A0023E4B211B5AEE006B77F8 /* Build configuration list for PBXNativeTarget "instagramUITests" */;
			buildPhases = (
				A0023E38211B5AEE006B77F8 /* Sources */,
				A0023E39211B5AEE006B77F8 /* Frameworks */,
				A0023E3A211B5AEE006B77F8 /* Resources */,
			);
			buildRules = (
			);
			dependencies = (
				A0023E3E211B5AEE006B77F8 /* PBXTargetDependency */,
			);
			name = instagramUITests;
			productName = instagramUITests;
			productReference = A0023E3C211B5AEE006B77F8 /* instagramUITests.xctest */;
			productType = "com.apple.product-type.bundle.ui-testing";
		};
/* End PBXNativeTarget section */

/* Begin PBXProject section */
		A0023E15211B5AEA006B77F8 /* Project object */ = {
			isa = PBXProject;
			attributes = {
				LastSwiftUpdateCheck = 0940;
				LastUpgradeCheck = 0940;
				ORGANIZATIONNAME = "Junghoon Lee";
				TargetAttributes = {
					A0023E1C211B5AEB006B77F8 = {
						CreatedOnToolsVersion = 9.4.1;
					};
					A0023E30211B5AEE006B77F8 = {
						CreatedOnToolsVersion = 9.4.1;
						TestTargetID = A0023E1C211B5AEB006B77F8;
					};
					A0023E3B211B5AEE006B77F8 = {
						CreatedOnToolsVersion = 9.4.1;
						TestTargetID = A0023E1C211B5AEB006B77F8;
					};
				};
			};
			buildConfigurationList = A0023E18211B5AEA006B77F8 /* Build configuration list for PBXProject "instagram" */;
			compatibilityVersion = "Xcode 9.3";
			developmentRegion = en;
			hasScannedForEncodings = 0;
			knownRegions = (
				en,
				Base,
			);
			mainGroup = A0023E14211B5AEA006B77F8;
			productRefGroup = A0023E1E211B5AEB006B77F8 /* Products */;
			projectDirPath = "";
			projectRoot = "";
			targets = (
				A0023E1C211B5AEB006B77F8 /* instagram */,
				A0023E30211B5AEE006B77F8 /* instagramTests */,
				A0023E3B211B5AEE006B77F8 /* instagramUITests */,
			);
		};
/* End PBXProject section */

/* Begin PBXResourcesBuildPhase section */
		A0023E1B211B5AEB006B77F8 /* Resources */ = {
			isa = PBXResourcesBuildPhase;
			buildActionMask = 2147483647;
			files = (
				A0023F11211E3CFB006B77F8 /* SecretKeys.plist in Resources */,
				A0023E2B211B5AEE006B77F8 /* LaunchScreen.storyboard in Resources */,
				A0023E28211B5AEE006B77F8 /* Assets.xcassets in Resources */,
				A0023E26211B5AEB006B77F8 /* Main.storyboard in Resources */,
			);
			runOnlyForDeploymentPostprocessing = 0;
		};
		A0023E2F211B5AEE006B77F8 /* Resources */ = {
			isa = PBXResourcesBuildPhase;
			buildActionMask = 2147483647;
			files = (
			);
			runOnlyForDeploymentPostprocessing = 0;
		};
		A0023E3A211B5AEE006B77F8 /* Resources */ = {
			isa = PBXResourcesBuildPhase;
			buildActionMask = 2147483647;
			files = (
			);
			runOnlyForDeploymentPostprocessing = 0;
		};
/* End PBXResourcesBuildPhase section */

/* Begin PBXShellScriptBuildPhase section */
		51D15013544A2BF94EB4916A /* [CP] Embed Pods Frameworks */ = {
			isa = PBXShellScriptBuildPhase;
			buildActionMask = 2147483647;
			files = (
			);
			inputPaths = (
				"${SRCROOT}/Pods/Target Support Files/Pods-instagram/Pods-instagram-frameworks.sh",
				"${BUILT_PRODUCTS_DIR}/Bolts/Bolts.framework",
				"${BUILT_PRODUCTS_DIR}/Parse/Parse.framework",
			);
			name = "[CP] Embed Pods Frameworks";
			outputPaths = (
				"${TARGET_BUILD_DIR}/${FRAMEWORKS_FOLDER_PATH}/Bolts.framework",
				"${TARGET_BUILD_DIR}/${FRAMEWORKS_FOLDER_PATH}/Parse.framework",
			);
			runOnlyForDeploymentPostprocessing = 0;
			shellPath = /bin/sh;
			shellScript = "\"${SRCROOT}/Pods/Target Support Files/Pods-instagram/Pods-instagram-frameworks.sh\"\n";
			showEnvVarsInLog = 0;
		};
		908E0149DB87ECC83641847A /* [CP] Check Pods Manifest.lock */ = {
			isa = PBXShellScriptBuildPhase;
			buildActionMask = 2147483647;
			files = (
			);
			inputPaths = (
				"${PODS_PODFILE_DIR_PATH}/Podfile.lock",
				"${PODS_ROOT}/Manifest.lock",
			);
			name = "[CP] Check Pods Manifest.lock";
			outputPaths = (
				"$(DERIVED_FILE_DIR)/Pods-instagram-checkManifestLockResult.txt",
			);
			runOnlyForDeploymentPostprocessing = 0;
			shellPath = /bin/sh;
			shellScript = "diff \"${PODS_PODFILE_DIR_PATH}/Podfile.lock\" \"${PODS_ROOT}/Manifest.lock\" > /dev/null\nif [ $? != 0 ] ; then\n    # print error to STDERR\n    echo \"error: The sandbox is not in sync with the Podfile.lock. Run 'pod install' or update your CocoaPods installation.\" >&2\n    exit 1\nfi\n# This output is used by Xcode 'outputs' to avoid re-running this script phase.\necho \"SUCCESS\" > \"${SCRIPT_OUTPUT_FILE_0}\"\n";
			showEnvVarsInLog = 0;
		};
/* End PBXShellScriptBuildPhase section */

/* Begin PBXSourcesBuildPhase section */
		A0023E19211B5AEB006B77F8 /* Sources */ = {
			isa = PBXSourcesBuildPhase;
			buildActionMask = 2147483647;
			files = (
				A0023E23211B5AEB006B77F8 /* ViewController.swift in Sources */,
				A0023E21211B5AEB006B77F8 /* AppDelegate.swift in Sources */,
				A0023EE5211C145B006B77F8 /* ActivityIndicator.swift in Sources */,
			);
			runOnlyForDeploymentPostprocessing = 0;
		};
		A0023E2D211B5AEE006B77F8 /* Sources */ = {
			isa = PBXSourcesBuildPhase;
			buildActionMask = 2147483647;
			files = (
				A0023E36211B5AEE006B77F8 /* instagramTests.swift in Sources */,
			);
			runOnlyForDeploymentPostprocessing = 0;
		};
		A0023E38211B5AEE006B77F8 /* Sources */ = {
			isa = PBXSourcesBuildPhase;
			buildActionMask = 2147483647;
			files = (
				A0023E41211B5AEE006B77F8 /* instagramUITests.swift in Sources */,
			);
			runOnlyForDeploymentPostprocessing = 0;
		};
/* End PBXSourcesBuildPhase section */

/* Begin PBXTargetDependency section */
		A0023E33211B5AEE006B77F8 /* PBXTargetDependency */ = {
			isa = PBXTargetDependency;
			target = A0023E1C211B5AEB006B77F8 /* instagram */;
			targetProxy = A0023E32211B5AEE006B77F8 /* PBXContainerItemProxy */;
		};
		A0023E3E211B5AEE006B77F8 /* PBXTargetDependency */ = {
			isa = PBXTargetDependency;
			target = A0023E1C211B5AEB006B77F8 /* instagram */;
			targetProxy = A0023E3D211B5AEE006B77F8 /* PBXContainerItemProxy */;
		};
/* End PBXTargetDependency section */

/* Begin PBXVariantGroup section */
		A0023E24211B5AEB006B77F8 /* Main.storyboard */ = {
			isa = PBXVariantGroup;
			children = (
				A0023E25211B5AEB006B77F8 /* Base */,
			);
			name = Main.storyboard;
			sourceTree = "<group>";
		};
		A0023E29211B5AEE006B77F8 /* LaunchScreen.storyboard */ = {
			isa = PBXVariantGroup;
			children = (
				A0023E2A211B5AEE006B77F8 /* Base */,
			);
			name = LaunchScreen.storyboard;
			sourceTree = "<group>";
		};
/* End PBXVariantGroup section */

/* Begin XCBuildConfiguration section */
		A0023E43211B5AEE006B77F8 /* Debug */ = {
			isa = XCBuildConfiguration;
			buildSettings = {
				ALWAYS_SEARCH_USER_PATHS = NO;
				CLANG_ANALYZER_NONNULL = YES;
				CLANG_ANALYZER_NUMBER_OBJECT_CONVERSION = YES_AGGRESSIVE;
				CLANG_CXX_LANGUAGE_STANDARD = "gnu++14";
				CLANG_CXX_LIBRARY = "libc++";
				CLANG_ENABLE_MODULES = YES;
				CLANG_ENABLE_OBJC_ARC = YES;
				CLANG_ENABLE_OBJC_WEAK = YES;
				CLANG_WARN_BLOCK_CAPTURE_AUTORELEASING = YES;
				CLANG_WARN_BOOL_CONVERSION = YES;
				CLANG_WARN_COMMA = YES;
				CLANG_WARN_CONSTANT_CONVERSION = YES;
				CLANG_WARN_DEPRECATED_OBJC_IMPLEMENTATIONS = YES;
				CLANG_WARN_DIRECT_OBJC_ISA_USAGE = YES_ERROR;
				CLANG_WARN_DOCUMENTATION_COMMENTS = YES;
				CLANG_WARN_EMPTY_BODY = YES;
				CLANG_WARN_ENUM_CONVERSION = YES;
				CLANG_WARN_INFINITE_RECURSION = YES;
				CLANG_WARN_INT_CONVERSION = YES;
				CLANG_WARN_NON_LITERAL_NULL_CONVERSION = YES;
				CLANG_WARN_OBJC_IMPLICIT_RETAIN_SELF = YES;
				CLANG_WARN_OBJC_LITERAL_CONVERSION = YES;
				CLANG_WARN_OBJC_ROOT_CLASS = YES_ERROR;
				CLANG_WARN_RANGE_LOOP_ANALYSIS = YES;
				CLANG_WARN_STRICT_PROTOTYPES = YES;
				CLANG_WARN_SUSPICIOUS_MOVE = YES;
				CLANG_WARN_UNGUARDED_AVAILABILITY = YES_AGGRESSIVE;
				CLANG_WARN_UNREACHABLE_CODE = YES;
				CLANG_WARN__DUPLICATE_METHOD_MATCH = YES;
				CODE_SIGN_IDENTITY = "iPhone Developer";
				COPY_PHASE_STRIP = NO;
				DEBUG_INFORMATION_FORMAT = dwarf;
				ENABLE_STRICT_OBJC_MSGSEND = YES;
				ENABLE_TESTABILITY = YES;
				GCC_C_LANGUAGE_STANDARD = gnu11;
				GCC_DYNAMIC_NO_PIC = NO;
				GCC_NO_COMMON_BLOCKS = YES;
				GCC_OPTIMIZATION_LEVEL = 0;
				GCC_PREPROCESSOR_DEFINITIONS = (
					"DEBUG=1",
					"$(inherited)",
				);
				GCC_WARN_64_TO_32_BIT_CONVERSION = YES;
				GCC_WARN_ABOUT_RETURN_TYPE = YES_ERROR;
				GCC_WARN_UNDECLARED_SELECTOR = YES;
				GCC_WARN_UNINITIALIZED_AUTOS = YES_AGGRESSIVE;
				GCC_WARN_UNUSED_FUNCTION = YES;
				GCC_WARN_UNUSED_VARIABLE = YES;
				IPHONEOS_DEPLOYMENT_TARGET = 11.4;
				MTL_ENABLE_DEBUG_INFO = YES;
				ONLY_ACTIVE_ARCH = YES;
				SDKROOT = iphoneos;
				SWIFT_ACTIVE_COMPILATION_CONDITIONS = DEBUG;
				SWIFT_OPTIMIZATION_LEVEL = "-Onone";
			};
			name = Debug;
		};
		A0023E44211B5AEE006B77F8 /* Release */ = {
			isa = XCBuildConfiguration;
			buildSettings = {
				ALWAYS_SEARCH_USER_PATHS = NO;
				CLANG_ANALYZER_NONNULL = YES;
				CLANG_ANALYZER_NUMBER_OBJECT_CONVERSION = YES_AGGRESSIVE;
				CLANG_CXX_LANGUAGE_STANDARD = "gnu++14";
				CLANG_CXX_LIBRARY = "libc++";
				CLANG_ENABLE_MODULES = YES;
				CLANG_ENABLE_OBJC_ARC = YES;
				CLANG_ENABLE_OBJC_WEAK = YES;
				CLANG_WARN_BLOCK_CAPTURE_AUTORELEASING = YES;
				CLANG_WARN_BOOL_CONVERSION = YES;
				CLANG_WARN_COMMA = YES;
				CLANG_WARN_CONSTANT_CONVERSION = YES;
				CLANG_WARN_DEPRECATED_OBJC_IMPLEMENTATIONS = YES;
				CLANG_WARN_DIRECT_OBJC_ISA_USAGE = YES_ERROR;
				CLANG_WARN_DOCUMENTATION_COMMENTS = YES;
				CLANG_WARN_EMPTY_BODY = YES;
				CLANG_WARN_ENUM_CONVERSION = YES;
				CLANG_WARN_INFINITE_RECURSION = YES;
				CLANG_WARN_INT_CONVERSION = YES;
				CLANG_WARN_NON_LITERAL_NULL_CONVERSION = YES;
				CLANG_WARN_OBJC_IMPLICIT_RETAIN_SELF = YES;
				CLANG_WARN_OBJC_LITERAL_CONVERSION = YES;
				CLANG_WARN_OBJC_ROOT_CLASS = YES_ERROR;
				CLANG_WARN_RANGE_LOOP_ANALYSIS = YES;
				CLANG_WARN_STRICT_PROTOTYPES = YES;
				CLANG_WARN_SUSPICIOUS_MOVE = YES;
				CLANG_WARN_UNGUARDED_AVAILABILITY = YES_AGGRESSIVE;
				CLANG_WARN_UNREACHABLE_CODE = YES;
				CLANG_WARN__DUPLICATE_METHOD_MATCH = YES;
				CODE_SIGN_IDENTITY = "iPhone Developer";
				COPY_PHASE_STRIP = NO;
				DEBUG_INFORMATION_FORMAT = "dwarf-with-dsym";
				ENABLE_NS_ASSERTIONS = NO;
				ENABLE_STRICT_OBJC_MSGSEND = YES;
				GCC_C_LANGUAGE_STANDARD = gnu11;
				GCC_NO_COMMON_BLOCKS = YES;
				GCC_WARN_64_TO_32_BIT_CONVERSION = YES;
				GCC_WARN_ABOUT_RETURN_TYPE = YES_ERROR;
				GCC_WARN_UNDECLARED_SELECTOR = YES;
				GCC_WARN_UNINITIALIZED_AUTOS = YES_AGGRESSIVE;
				GCC_WARN_UNUSED_FUNCTION = YES;
				GCC_WARN_UNUSED_VARIABLE = YES;
				IPHONEOS_DEPLOYMENT_TARGET = 11.4;
				MTL_ENABLE_DEBUG_INFO = NO;
				SDKROOT = iphoneos;
				SWIFT_COMPILATION_MODE = wholemodule;
				SWIFT_OPTIMIZATION_LEVEL = "-O";
				VALIDATE_PRODUCT = YES;
			};
			name = Release;
		};
		A0023E46211B5AEE006B77F8 /* Debug */ = {
			isa = XCBuildConfiguration;
			baseConfigurationReference = A54DF9B610799E48F539707D /* Pods-instagram.debug.xcconfig */;
			buildSettings = {
				ASSETCATALOG_COMPILER_APPICON_NAME = AppIcon;
				CODE_SIGN_STYLE = Automatic;
				DEVELOPMENT_TEAM = AXR3Y976X8;
				INFOPLIST_FILE = instagram/Info.plist;
				LD_RUNPATH_SEARCH_PATHS = (
					"$(inherited)",
					"@executable_path/Frameworks",
				);
				PRODUCT_BUNDLE_IDENTIFIER = com.junghoon.instagram;
				PRODUCT_NAME = "$(TARGET_NAME)";
				SWIFT_VERSION = 4.0;
				TARGETED_DEVICE_FAMILY = "1,2";
			};
			name = Debug;
		};
		A0023E47211B5AEE006B77F8 /* Release */ = {
			isa = XCBuildConfiguration;
			baseConfigurationReference = A71A730DFCE2EA23C7F7080A /* Pods-instagram.release.xcconfig */;
			buildSettings = {
				ASSETCATALOG_COMPILER_APPICON_NAME = AppIcon;
				CODE_SIGN_STYLE = Automatic;
				DEVELOPMENT_TEAM = AXR3Y976X8;
				INFOPLIST_FILE = instagram/Info.plist;
				LD_RUNPATH_SEARCH_PATHS = (
					"$(inherited)",
					"@executable_path/Frameworks",
				);
				PRODUCT_BUNDLE_IDENTIFIER = com.junghoon.instagram;
				PRODUCT_NAME = "$(TARGET_NAME)";
				SWIFT_VERSION = 4.0;
				TARGETED_DEVICE_FAMILY = "1,2";
			};
			name = Release;
		};
		A0023E49211B5AEE006B77F8 /* Debug */ = {
			isa = XCBuildConfiguration;
			buildSettings = {
				ALWAYS_EMBED_SWIFT_STANDARD_LIBRARIES = YES;
				BUNDLE_LOADER = "$(TEST_HOST)";
				CODE_SIGN_STYLE = Automatic;
				DEVELOPMENT_TEAM = AXR3Y976X8;
				INFOPLIST_FILE = instagramTests/Info.plist;
				LD_RUNPATH_SEARCH_PATHS = (
					"$(inherited)",
					"@executable_path/Frameworks",
					"@loader_path/Frameworks",
				);
				PRODUCT_BUNDLE_IDENTIFIER = com.junghoon.instagramTests;
				PRODUCT_NAME = "$(TARGET_NAME)";
				SWIFT_VERSION = 4.0;
				TARGETED_DEVICE_FAMILY = "1,2";
				TEST_HOST = "$(BUILT_PRODUCTS_DIR)/instagram.app/instagram";
			};
			name = Debug;
		};
		A0023E4A211B5AEE006B77F8 /* Release */ = {
			isa = XCBuildConfiguration;
			buildSettings = {
				ALWAYS_EMBED_SWIFT_STANDARD_LIBRARIES = YES;
				BUNDLE_LOADER = "$(TEST_HOST)";
				CODE_SIGN_STYLE = Automatic;
				DEVELOPMENT_TEAM = AXR3Y976X8;
				INFOPLIST_FILE = instagramTests/Info.plist;
				LD_RUNPATH_SEARCH_PATHS = (
					"$(inherited)",
					"@executable_path/Frameworks",
					"@loader_path/Frameworks",
				);
				PRODUCT_BUNDLE_IDENTIFIER = com.junghoon.instagramTests;
				PRODUCT_NAME = "$(TARGET_NAME)";
				SWIFT_VERSION = 4.0;
				TARGETED_DEVICE_FAMILY = "1,2";
				TEST_HOST = "$(BUILT_PRODUCTS_DIR)/instagram.app/instagram";
			};
			name = Release;
		};
		A0023E4C211B5AEE006B77F8 /* Debug */ = {
			isa = XCBuildConfiguration;
			buildSettings = {
				ALWAYS_EMBED_SWIFT_STANDARD_LIBRARIES = YES;
				CODE_SIGN_STYLE = Automatic;
				DEVELOPMENT_TEAM = AXR3Y976X8;
				INFOPLIST_FILE = instagramUITests/Info.plist;
				LD_RUNPATH_SEARCH_PATHS = (
					"$(inherited)",
					"@executable_path/Frameworks",
					"@loader_path/Frameworks",
				);
				PRODUCT_BUNDLE_IDENTIFIER = com.junghoon.instagramUITests;
				PRODUCT_NAME = "$(TARGET_NAME)";
				SWIFT_VERSION = 4.0;
				TARGETED_DEVICE_FAMILY = "1,2";
				TEST_TARGET_NAME = instagram;
			};
			name = Debug;
		};
		A0023E4D211B5AEE006B77F8 /* Release */ = {
			isa = XCBuildConfiguration;
			buildSettings = {
				ALWAYS_EMBED_SWIFT_STANDARD_LIBRARIES = YES;
				CODE_SIGN_STYLE = Automatic;
				DEVELOPMENT_TEAM = AXR3Y976X8;
				INFOPLIST_FILE = instagramUITests/Info.plist;
				LD_RUNPATH_SEARCH_PATHS = (
					"$(inherited)",
					"@executable_path/Frameworks",
					"@loader_path/Frameworks",
				);
				PRODUCT_BUNDLE_IDENTIFIER = com.junghoon.instagramUITests;
				PRODUCT_NAME = "$(TARGET_NAME)";
				SWIFT_VERSION = 4.0;
				TARGETED_DEVICE_FAMILY = "1,2";
				TEST_TARGET_NAME = instagram;
			};
			name = Release;
		};
/* End XCBuildConfiguration section */

/* Begin XCConfigurationList section */
		A0023E18211B5AEA006B77F8 /* Build configuration list for PBXProject "instagram" */ = {
			isa = XCConfigurationList;
			buildConfigurations = (
				A0023E43211B5AEE006B77F8 /* Debug */,
				A0023E44211B5AEE006B77F8 /* Release */,
			);
			defaultConfigurationIsVisible = 0;
			defaultConfigurationName = Release;
		};
		A0023E45211B5AEE006B77F8 /* Build configuration list for PBXNativeTarget "instagram" */ = {
			isa = XCConfigurationList;
			buildConfigurations = (
				A0023E46211B5AEE006B77F8 /* Debug */,
				A0023E47211B5AEE006B77F8 /* Release */,
			);
			defaultConfigurationIsVisible = 0;
			defaultConfigurationName = Release;
		};
		A0023E48211B5AEE006B77F8 /* Build configuration list for PBXNativeTarget "instagramTests" */ = {
			isa = XCConfigurationList;
			buildConfigurations = (
				A0023E49211B5AEE006B77F8 /* Debug */,
				A0023E4A211B5AEE006B77F8 /* Release */,
			);
			defaultConfigurationIsVisible = 0;
			defaultConfigurationName = Release;
		};
		A0023E4B211B5AEE006B77F8 /* Build configuration list for PBXNativeTarget "instagramUITests" */ = {
			isa = XCConfigurationList;
			buildConfigurations = (
				A0023E4C211B5AEE006B77F8 /* Debug */,
				A0023E4D211B5AEE006B77F8 /* Release */,
			);
			defaultConfigurationIsVisible = 0;
			defaultConfigurationName = Release;
		};
/* End XCConfigurationList section */
	};
	rootObject = A0023E15211B5AEA006B77F8 /* Project object */;
}
